// !$*UTF8*$!
{
	archiveVersion = 1;
	classes = {
	};
	objectVersion = 46;
	objects = {

/* Begin PBXBuildFile section */
		4A32390C1B4317780043595D /* CoreMotion.framework in Frameworks */ = {isa = PBXBuildFile; fileRef = 4A32390B1B4317780043595D /* CoreMotion.framework */; };
		4A8D8B681B41DFEF00578096 /* main.m in Sources */ = {isa = PBXBuildFile; fileRef = 4A8D8B671B41DFEF00578096 /* main.m */; };
		4A8D8B6B1B41DFEF00578096 /* AppDelegate.m in Sources */ = {isa = PBXBuildFile; fileRef = 4A8D8B6A1B41DFEF00578096 /* AppDelegate.m */; };
		4A8D8B6E1B41DFEF00578096 /* ViewController.m in Sources */ = {isa = PBXBuildFile; fileRef = 4A8D8B6D1B41DFEF00578096 /* ViewController.m */; };
		4A8D8B711B41DFEF00578096 /* Main.storyboard in Resources */ = {isa = PBXBuildFile; fileRef = 4A8D8B6F1B41DFEF00578096 /* Main.storyboard */; };
		4A8D8B731B41DFEF00578096 /* Images.xcassets in Resources */ = {isa = PBXBuildFile; fileRef = 4A8D8B721B41DFEF00578096 /* Images.xcassets */; };
		4A8D8B761B41DFEF00578096 /* LaunchScreen.xib in Resources */ = {isa = PBXBuildFile; fileRef = 4A8D8B741B41DFEF00578096 /* LaunchScreen.xib */; };
		4A8D8B821B41DFEF00578096 /* AnimationTesterTests.m in Sources */ = {isa = PBXBuildFile; fileRef = 4A8D8B811B41DFEF00578096 /* AnimationTesterTests.m */; };
		4A8D8B8D1B4201A500578096 /* UIBoxDropBehavior.m in Sources */ = {isa = PBXBuildFile; fileRef = 4A8D8B8C1B4201A500578096 /* UIBoxDropBehavior.m */; };
		4AA440DA1B428B180042D9F7 /* AnimatedSquareView.m in Sources */ = {isa = PBXBuildFile; fileRef = 4AA440D91B428B180042D9F7 /* AnimatedSquareView.m */; };
/* End PBXBuildFile section */

/* Begin PBXContainerItemProxy section */
		4A8D8B7C1B41DFEF00578096 /* PBXContainerItemProxy */ = {
			isa = PBXContainerItemProxy;
			containerPortal = 4A8D8B5A1B41DFEF00578096 /* Project object */;
			proxyType = 1;
			remoteGlobalIDString = 4A8D8B611B41DFEF00578096;
			remoteInfo = AnimationTester;
		};
/* End PBXContainerItemProxy section */

/* Begin PBXFileReference section */
		4A32390B1B4317780043595D /* CoreMotion.framework */ = {isa = PBXFileReference; lastKnownFileType = wrapper.framework; name = CoreMotion.framework; path = System/Library/Frameworks/CoreMotion.framework; sourceTree = SDKROOT; };
		4A8D8B621B41DFEF00578096 /* AnimationTester.app */ = {isa = PBXFileReference; explicitFileType = wrapper.application; includeInIndex = 0; path = AnimationTester.app; sourceTree = BUILT_PRODUCTS_DIR; };
		4A8D8B661B41DFEF00578096 /* Info.plist */ = {isa = PBXFileReference; lastKnownFileType = text.plist.xml; path = Info.plist; sourceTree = "<group>"; };
		4A8D8B671B41DFEF00578096 /* main.m */ = {isa = PBXFileReference; lastKnownFileType = sourcecode.c.objc; path = main.m; sourceTree = "<group>"; };
		4A8D8B691B41DFEF00578096 /* AppDelegate.h */ = {isa = PBXFileReference; lastKnownFileType = sourcecode.c.h; path = AppDelegate.h; sourceTree = "<group>"; };
		4A8D8B6A1B41DFEF00578096 /* AppDelegate.m */ = {isa = PBXFileReference; lastKnownFileType = sourcecode.c.objc; path = AppDelegate.m; sourceTree = "<group>"; };
		4A8D8B6C1B41DFEF00578096 /* ViewController.h */ = {isa = PBXFileReference; lastKnownFileType = sourcecode.c.h; path = ViewController.h; sourceTree = "<group>"; };
		4A8D8B6D1B41DFEF00578096 /* ViewController.m */ = {isa = PBXFileReference; lastKnownFileType = sourcecode.c.objc; path = ViewController.m; sourceTree = "<group>"; };
		4A8D8B701B41DFEF00578096 /* Base */ = {isa = PBXFileReference; lastKnownFileType = file.storyboard; name = Base; path = Base.lproj/Main.storyboard; sourceTree = "<group>"; };
		4A8D8B721B41DFEF00578096 /* Images.xcassets */ = {isa = PBXFileReference; lastKnownFileType = folder.assetcatalog; path = Images.xcassets; sourceTree = "<group>"; };
		4A8D8B751B41DFEF00578096 /* Base */ = {isa = PBXFileReference; lastKnownFileType = file.xib; name = Base; path = Base.lproj/LaunchScreen.xib; sourceTree = "<group>"; };
		4A8D8B7B1B41DFEF00578096 /* AnimationTesterTests.xctest */ = {isa = PBXFileReference; explicitFileType = wrapper.cfbundle; includeInIndex = 0; path = AnimationTesterTests.xctest; sourceTree = BUILT_PRODUCTS_DIR; };
		4A8D8B801B41DFEF00578096 /* Info.plist */ = {isa = PBXFileReference; lastKnownFileType = text.plist.xml; path = Info.plist; sourceTree = "<group>"; };
		4A8D8B811B41DFEF00578096 /* AnimationTesterTests.m */ = {isa = PBXFileReference; lastKnownFileType = sourcecode.c.objc; path = AnimationTesterTests.m; sourceTree = "<group>"; };
		4A8D8B8B1B4201A500578096 /* UIBoxDropBehavior.h */ = {isa = PBXFileReference; fileEncoding = 4; lastKnownFileType = sourcecode.c.h; path = UIBoxDropBehavior.h; sourceTree = "<group>"; };
		4A8D8B8C1B4201A500578096 /* UIBoxDropBehavior.m */ = {isa = PBXFileReference; fileEncoding = 4; lastKnownFileType = sourcecode.c.objc; path = UIBoxDropBehavior.m; sourceTree = "<group>"; };
		4AA440D81B428B180042D9F7 /* AnimatedSquareView.h */ = {isa = PBXFileReference; fileEncoding = 4; lastKnownFileType = sourcecode.c.h; path = AnimatedSquareView.h; sourceTree = "<group>"; };
		4AA440D91B428B180042D9F7 /* AnimatedSquareView.m */ = {isa = PBXFileReference; fileEncoding = 4; lastKnownFileType = sourcecode.c.objc; path = AnimatedSquareView.m; sourceTree = "<group>"; };
/* End PBXFileReference section */

/* Begin PBXFrameworksBuildPhase section */
		4A8D8B5F1B41DFEF00578096 /* Frameworks */ = {
			isa = PBXFrameworksBuildPhase;
			buildActionMask = 2147483647;
			files = (
				4A32390C1B4317780043595D /* CoreMotion.framework in Frameworks */,
			);
			runOnlyForDeploymentPostprocessing = 0;
		};
		4A8D8B781B41DFEF00578096 /* Frameworks */ = {
			isa = PBXFrameworksBuildPhase;
			buildActionMask = 2147483647;
			files = (
			);
			runOnlyForDeploymentPostprocessing = 0;
		};
/* End PBXFrameworksBuildPhase section */

/* Begin PBXGroup section */
		4A8D8B591B41DFEF00578096 = {
			isa = PBXGroup;
			children = (
				4A32390B1B4317780043595D /* CoreMotion.framework */,
				4A8D8B641B41DFEF00578096 /* AnimationTester */,
				4A8D8B7E1B41DFEF00578096 /* AnimationTesterTests */,
				4A8D8B631B41DFEF00578096 /* Products */,
			);
			sourceTree = "<group>";
		};
		4A8D8B631B41DFEF00578096 /* Products */ = {
			isa = PBXGroup;
			children = (
				4A8D8B621B41DFEF00578096 /* AnimationTester.app */,
				4A8D8B7B1B41DFEF00578096 /* AnimationTesterTests.xctest */,
			);
			name = Products;
			sourceTree = "<group>";
		};
		4A8D8B641B41DFEF00578096 /* AnimationTester */ = {
			isa = PBXGroup;
			children = (
				4A8D8B691B41DFEF00578096 /* AppDelegate.h */,
				4A8D8B6A1B41DFEF00578096 /* AppDelegate.m */,
				4A8D8B6C1B41DFEF00578096 /* ViewController.h */,
				4A8D8B6D1B41DFEF00578096 /* ViewController.m */,
				4AA440D81B428B180042D9F7 /* AnimatedSquareView.h */,
				4AA440D91B428B180042D9F7 /* AnimatedSquareView.m */,
				4A8D8B8B1B4201A500578096 /* UIBoxDropBehavior.h */,
				4A8D8B8C1B4201A500578096 /* UIBoxDropBehavior.m */,
				4A8D8B6F1B41DFEF00578096 /* Main.storyboard */,
				4A8D8B741B41DFEF00578096 /* LaunchScreen.xib */,
				4A8D8B721B41DFEF00578096 /* Images.xcassets */,
				4A8D8B651B41DFEF00578096 /* Supporting Files */,
			);
			path = AnimationTester;
			sourceTree = "<group>";
		};
		4A8D8B651B41DFEF00578096 /* Supporting Files */ = {
			isa = PBXGroup;
			children = (
				4A8D8B661B41DFEF00578096 /* Info.plist */,
				4A8D8B671B41DFEF00578096 /* main.m */,
			);
			name = "Supporting Files";
			sourceTree = "<group>";
		};
		4A8D8B7E1B41DFEF00578096 /* AnimationTesterTests */ = {
			isa = PBXGroup;
			children = (
				4A8D8B811B41DFEF00578096 /* AnimationTesterTests.m */,
				4A8D8B7F1B41DFEF00578096 /* Supporting Files */,
			);
			path = AnimationTesterTests;
			sourceTree = "<group>";
		};
		4A8D8B7F1B41DFEF00578096 /* Supporting Files */ = {
			isa = PBXGroup;
			children = (
				4A8D8B801B41DFEF00578096 /* Info.plist */,
			);
			name = "Supporting Files";
			sourceTree = "<group>";
		};
/* End PBXGroup section */

/* Begin PBXNativeTarget section */
		4A8D8B611B41DFEF00578096 /* AnimationTester */ = {
			isa = PBXNativeTarget;
			buildConfigurationList = 4A8D8B851B41DFEF00578096 /* Build configuration list for PBXNativeTarget "AnimationTester" */;
			buildPhases = (
				4A8D8B5E1B41DFEF00578096 /* Sources */,
				4A8D8B5F1B41DFEF00578096 /* Frameworks */,
				4A8D8B601B41DFEF00578096 /* Resources */,
			);
			buildRules = (
			);
			dependencies = (
			);
			name = AnimationTester;
			productName = AnimationTester;
			productReference = 4A8D8B621B41DFEF00578096 /* AnimationTester.app */;
			productType = "com.apple.product-type.application";
		};
		4A8D8B7A1B41DFEF00578096 /* AnimationTesterTests */ = {
			isa = PBXNativeTarget;
			buildConfigurationList = 4A8D8B881B41DFEF00578096 /* Build configuration list for PBXNativeTarget "AnimationTesterTests" */;
			buildPhases = (
				4A8D8B771B41DFEF00578096 /* Sources */,
				4A8D8B781B41DFEF00578096 /* Frameworks */,
				4A8D8B791B41DFEF00578096 /* Resources */,
			);
			buildRules = (
			);
			dependencies = (
				4A8D8B7D1B41DFEF00578096 /* PBXTargetDependency */,
			);
			name = AnimationTesterTests;
			productName = AnimationTesterTests;
			productReference = 4A8D8B7B1B41DFEF00578096 /* AnimationTesterTests.xctest */;
			productType = "com.apple.product-type.bundle.unit-test";
		};
/* End PBXNativeTarget section */

/* Begin PBXProject section */
		4A8D8B5A1B41DFEF00578096 /* Project object */ = {
			isa = PBXProject;
			attributes = {
				LastUpgradeCheck = 0620;
				ORGANIZATIONNAME = dimnsionofsound;
				TargetAttributes = {
					4A8D8B611B41DFEF00578096 = {
						CreatedOnToolsVersion = 6.2;
					};
					4A8D8B7A1B41DFEF00578096 = {
						CreatedOnToolsVersion = 6.2;
						TestTargetID = 4A8D8B611B41DFEF00578096;
					};
				};
			};
			buildConfigurationList = 4A8D8B5D1B41DFEF00578096 /* Build configuration list for PBXProject "AnimationTester" */;
			compatibilityVersion = "Xcode 3.2";
			developmentRegion = English;
			hasScannedForEncodings = 0;
			knownRegions = (
				en,
				Base,
			);
			mainGroup = 4A8D8B591B41DFEF00578096;
			productRefGroup = 4A8D8B631B41DFEF00578096 /* Products */;
			projectDirPath = "";
			projectRoot = "";
			targets = (
				4A8D8B611B41DFEF00578096 /* AnimationTester */,
				4A8D8B7A1B41DFEF00578096 /* AnimationTesterTests */,
			);
		};
/* End PBXProject section */

/* Begin PBXResourcesBuildPhase section */
		4A8D8B601B41DFEF00578096 /* Resources */ = {
			isa = PBXResourcesBuildPhase;
			buildActionMask = 2147483647;
			files = (
				4A8D8B711B41DFEF00578096 /* Main.storyboard in Resources */,
				4A8D8B761B41DFEF00578096 /* LaunchScreen.xib in Resources */,
				4A8D8B731B41DFEF00578096 /* Images.xcassets in Resources */,
			);
			runOnlyForDeploymentPostprocessing = 0;
		};
		4A8D8B791B41DFEF00578096 /* Resources */ = {
			isa = PBXResourcesBuildPhase;
			buildActionMask = 2147483647;
			files = (
			);
			runOnlyForDeploymentPostprocessing = 0;
		};
/* End PBXResourcesBuildPhase section */

/* Begin PBXSourcesBuildPhase section */
		4A8D8B5E1B41DFEF00578096 /* Sources */ = {
			isa = PBXSourcesBuildPhase;
			buildActionMask = 2147483647;
			files = (
				4A8D8B6E1B41DFEF00578096 /* ViewController.m in Sources */,
				4AA440DA1B428B180042D9F7 /* AnimatedSquareView.m in Sources */,
				4A8D8B6B1B41DFEF00578096 /* AppDelegate.m in Sources */,
				4A8D8B8D1B4201A500578096 /* UIBoxDropBehavior.m in Sources */,
				4A8D8B681B41DFEF00578096 /* main.m in Sources */,
			);
			runOnlyForDeploymentPostprocessing = 0;
		};
		4A8D8B771B41DFEF00578096 /* Sources */ = {
			isa = PBXSourcesBuildPhase;
			buildActionMask = 2147483647;
			files = (
				4A8D8B821B41DFEF00578096 /* AnimationTesterTests.m in Sources */,
			);
			runOnlyForDeploymentPostprocessing = 0;
		};
/* End PBXSourcesBuildPhase section */

/* Begin PBXTargetDependency section */
		4A8D8B7D1B41DFEF00578096 /* PBXTargetDependency */ = {
			isa = PBXTargetDependency;
			target = 4A8D8B611B41DFEF00578096 /* AnimationTester */;
			targetProxy = 4A8D8B7C1B41DFEF00578096 /* PBXContainerItemProxy */;
		};
/* End PBXTargetDependency section */

/* Begin PBXVariantGroup section */
		4A8D8B6F1B41DFEF00578096 /* Main.storyboard */ = {
			isa = PBXVariantGroup;
			children = (
				4A8D8B701B41DFEF00578096 /* Base */,
			);
			name = Main.storyboard;
			sourceTree = "<group>";
		};
		4A8D8B741B41DFEF00578096 /* LaunchScreen.xib */ = {
			isa = PBXVariantGroup;
			children = (
				4A8D8B751B41DFEF00578096 /* Base */,
			);
			name = LaunchScreen.xib;
			sourceTree = "<group>";
		};
/* End PBXVariantGroup section */

/* Begin XCBuildConfiguration section */
		4A8D8B831B41DFEF00578096 /* Debug */ = {
			isa = XCBuildConfiguration;
			buildSettings = {
				ALWAYS_SEARCH_USER_PATHS = NO;
				CLANG_CXX_LANGUAGE_STANDARD = "gnu++0x";
				CLANG_CXX_LIBRARY = "libc++";
				CLANG_ENABLE_MODULES = YES;
				CLANG_ENABLE_OBJC_ARC = YES;
				CLANG_WARN_BOOL_CONVERSION = YES;
				CLANG_WARN_CONSTANT_CONVERSION = YES;
				CLANG_WARN_DIRECT_OBJC_ISA_USAGE = YES_ERROR;
				CLANG_WARN_EMPTY_BODY = YES;
				CLANG_WARN_ENUM_CONVERSION = YES;
				CLANG_WARN_INT_CONVERSION = YES;
				CLANG_WARN_OBJC_ROOT_CLASS = YES_ERROR;
				CLANG_WARN_UNREACHABLE_CODE = YES;
				CLANG_WARN__DUPLICATE_METHOD_MATCH = YES;
				"CODE_SIGN_IDENTITY[sdk=iphoneos*]" = "iPhone Developer";
				COPY_PHASE_STRIP = NO;
				ENABLE_STRICT_OBJC_MSGSEND = YES;
				GCC_C_LANGUAGE_STANDARD = gnu99;
				GCC_DYNAMIC_NO_PIC = NO;
				GCC_OPTIMIZATION_LEVEL = 0;
				GCC_PREPROCESSOR_DEFINITIONS = (
					"DEBUG=1",
					"$(inherited)",
				);
				GCC_SYMBOLS_PRIVATE_EXTERN = NO;
				GCC_WARN_64_TO_32_BIT_CONVERSION = YES;
				GCC_WARN_ABOUT_RETURN_TYPE = YES_ERROR;
				GCC_WARN_UNDECLARED_SELECTOR = YES;
				GCC_WARN_UNINITIALIZED_AUTOS = YES_AGGRESSIVE;
				GCC_WARN_UNUSED_FUNCTION = YES;
				GCC_WARN_UNUSED_VARIABLE = YES;
				IPHONEOS_DEPLOYMENT_TARGET = 8.2;
				MTL_ENABLE_DEBUG_INFO = YES;
				ONLY_ACTIVE_ARCH = YES;
				SDKROOT = iphoneos;
			};
			name = Debug;
		};
		4A8D8B841B41DFEF00578096 /* Release */ = {
			isa = XCBuildConfiguration;
			buildSettings = {
				ALWAYS_SEARCH_USER_PATHS = NO;
				CLANG_CXX_LANGUAGE_STANDARD = "gnu++0x";
				CLANG_CXX_LIBRARY = "libc++";
				CLANG_ENABLE_MODULES = YES;
				CLANG_ENABLE_OBJC_ARC = YES;
				CLANG_WARN_BOOL_CONVERSION = YES;
				CLANG_WARN_CONSTANT_CONVERSION = YES;
				CLANG_WARN_DIRECT_OBJC_ISA_USAGE = YES_ERROR;
				CLANG_WARN_EMPTY_BODY = YES;
				CLANG_WARN_ENUM_CONVERSION = YES;
				CLANG_WARN_INT_CONVERSION = YES;
				CLANG_WARN_OBJC_ROOT_CLASS = YES_ERROR;
				CLANG_WARN_UNREACHABLE_CODE = YES;
				CLANG_WARN__DUPLICATE_METHOD_MATCH = YES;
				"CODE_SIGN_IDENTITY[sdk=iphoneos*]" = "iPhone Developer";
				COPY_PHASE_STRIP = NO;
				ENABLE_NS_ASSERTIONS = NO;
				ENABLE_STRICT_OBJC_MSGSEND = YES;
				GCC_C_LANGUAGE_STANDARD = gnu99;
				GCC_WARN_64_TO_32_BIT_CONVERSION = YES;
				GCC_WARN_ABOUT_RETURN_TYPE = YES_ERROR;
				GCC_WARN_UNDECLARED_SELECTOR = YES;
				GCC_WARN_UNINITIALIZED_AUTOS = YES_AGGRESSIVE;
				GCC_WARN_UNUSED_FUNCTION = YES;
				GCC_WARN_UNUSED_VARIABLE = YES;
				IPHONEOS_DEPLOYMENT_TARGET = 8.2;
				MTL_ENABLE_DEBUG_INFO = NO;
				SDKROOT = iphoneos;
				VALIDATE_PRODUCT = YES;
			};
			name = Release;
		};
		4A8D8B861B41DFEF00578096 /* Debug */ = {
			isa = XCBuildConfiguration;
			buildSettings = {
				ASSETCATALOG_COMPILER_APPICON_NAME = AppIcon;
				INFOPLIST_FILE = AnimationTester/Info.plist;
				LD_RUNPATH_SEARCH_PATHS = "$(inherited) @executable_path/Frameworks";
				PRODUCT_NAME = "$(TARGET_NAME)";
			};
			name = Debug;
		};
		4A8D8B871B41DFEF00578096 /* Release */ = {
			isa = XCBuildConfiguration;
			buildSettings = {
				ASSETCATALOG_COMPILER_APPICON_NAME = AppIcon;
				INFOPLIST_FILE = AnimationTester/Info.plist;
				LD_RUNPATH_SEARCH_PATHS = "$(inherited) @executable_path/Frameworks";
				PRODUCT_NAME = "$(TARGET_NAME)";
			};
			name = Release;
		};
		4A8D8B891B41DFEF00578096 /* Debug */ = {
			isa = XCBuildConfiguration;
			buildSettings = {
				BUNDLE_LOADER = "$(TEST_HOST)";
				FRAMEWORK_SEARCH_PATHS = (
					"$(SDKROOT)/Developer/Library/Frameworks",
					"$(inherited)",
				);
				GCC_PREPROCESSOR_DEFINITIONS = (
					"DEBUG=1",
					"$(inherited)",
				);
				INFOPLIST_FILE = AnimationTesterTests/Info.plist;
				LD_RUNPATH_SEARCH_PATHS = "$(inherited) @executable_path/Frameworks @loader_path/Frameworks";
				PRODUCT_NAME = "$(TARGET_NAME)";
				TEST_HOST = "$(BUILT_PRODUCTS_DIR)/AnimationTester.app/AnimationTester";
			};
			name = Debug;
		};
		4A8D8B8A1B41DFEF00578096 /* Release */ = {
			isa = XCBuildConfiguration;
			buildSettings = {
				BUNDLE_LOADER = "$(TEST_HOST)";
				FRAMEWORK_SEARCH_PATHS = (
					"$(SDKROOT)/Developer/Library/Frameworks",
					"$(inherited)",
				);
				INFOPLIST_FILE = AnimationTesterTests/Info.plist;
				LD_RUNPATH_SEARCH_PATHS = "$(inherited) @executable_path/Frameworks @loader_path/Frameworks";
				PRODUCT_NAME = "$(TARGET_NAME)";
				TEST_HOST = "$(BUILT_PRODUCTS_DIR)/AnimationTester.app/AnimationTester";
			};
			name = Release;
		};
/* End XCBuildConfiguration section */

/* Begin XCConfigurationList section */
		4A8D8B5D1B41DFEF00578096 /* Build configuration list for PBXProject "AnimationTester" */ = {
			isa = XCConfigurationList;
			buildConfigurations = (
				4A8D8B831B41DFEF00578096 /* Debug */,
				4A8D8B841B41DFEF00578096 /* Release */,
			);
			defaultConfigurationIsVisible = 0;
			defaultConfigurationName = Release;
		};
		4A8D8B851B41DFEF00578096 /* Build configuration list for PBXNativeTarget "AnimationTester" */ = {
			isa = XCConfigurationList;
			buildConfigurations = (
				4A8D8B861B41DFEF00578096 /* Debug */,
				4A8D8B871B41DFEF00578096 /* Release */,
			);
			defaultConfigurationIsVisible = 0;
			defaultConfigurationName = Release;
		};
		4A8D8B881B41DFEF00578096 /* Build configuration list for PBXNativeTarget "AnimationTesterTests" */ = {
			isa = XCConfigurationList;
			buildConfigurations = (
				4A8D8B891B41DFEF00578096 /* Debug */,
				4A8D8B8A1B41DFEF00578096 /* Release */,
			);
			defaultConfigurationIsVisible = 0;
			defaultConfigurationName = Release;
		};
/* End XCConfigurationList section */
	};
	rootObject = 4A8D8B5A1B41DFEF00578096 /* Project object */;
}
